
Microsoft Visual Studio Solution File, Format Version 10.00
# Visual Studio 2008
Project("{EAF909A5-FA59-4C3D-9431-0FCC20D5BCF9}") = "vsopenhevc", "vsopenhevc.icproj", "{10E4530A-E284-4680-BA02-6435F7C49165}"
EndProject
Global
	GlobalSection(SolutionConfigurationPlatforms) = preSolution
		Debug|Win32 = Debug|Win32
		Release|Win32 = Release|Win32
	EndGlobalSection
	GlobalSection(ProjectConfigurationPlatforms) = postSolution
		{10E4530A-E284-4680-BA02-6435F7C49165}.Debug|Win32.ActiveCfg = Debug|Win32
		{10E4530A-E284-4680-BA02-6435F7C49165}.Debug|Win32.Build.0 = Debug|Win32
		{10E4530A-E284-4680-BA02-6435F7C49165}.Release|Win32.ActiveCfg = Release|Win32
		{10E4530A-E284-4680-BA02-6435F7C49165}.Release|Win32.Build.0 = Release|Win32
		{01F53A64-29D9-4CBC-9998-5A21FC11D59D}.Release|Win32.Build.0 = Release|Win32
		{01F53A64-29D9-4CBC-9998-5A21FC11D59D}.Release|Win32.ActiveCfg = Release|Win32
		{01F53A64-29D9-4CBC-9998-5A21FC11D59D}.Debug|Win32.Build.0 = Debug|Win32
		{01F53A64-29D9-4CBC-9998-5A21FC11D59D}.Debug|Win32.ActiveCfg = Debug|Win32
	EndGlobalSection
	GlobalSection(SolutionProperties) = preSolution
		HideSolutionNode = FALSE
	EndGlobalSection
EndGlobal
