<?xml version="1.0" encoding="utf-8"?>
<Project ToolsVersion="4.0" xmlns="http://schemas.microsoft.com/developer/msbuild/2003">
  <ItemGroup>
    <Filter Include="Source Files">
      <UniqueIdentifier>{4FC737F1-C7A5-4376-A066-2A32D752A2FF}</UniqueIdentifier>
      <Extensions>cpp;c;cc;cxx;def;odl;idl;hpj;bat;asm;asmx</Extensions>
    </Filter>
    <Filter Include="Source Files\libavformat">
      <UniqueIdentifier>{ac771902-97fe-4ac1-9455-6378c5e1c4d2}</UniqueIdentifier>
    </Filter>
    <Filter Include="Source Files\libavcodec">
      <UniqueIdentifier>{080be2bf-9dde-4507-a9b6-e753edc06432}</UniqueIdentifier>
    </Filter>
    <Filter Include="Source Files\libavcodec\x86">
      <UniqueIdentifier>{dd2480d3-5927-4aad-a5aa-dd2c5e6d2a22}</UniqueIdentifier>
    </Filter>
    <Filter Include="Source Files\libavutil">
      <UniqueIdentifier>{552f8b4d-8d22-417f-9842-1ff24cfa18a1}</UniqueIdentifier>
    </Filter>
    <Filter Include="Source Files\libavutil\x86">
      <UniqueIdentifier>{e9928593-9f21-4541-8ee3-721185cadeee}</UniqueIdentifier>
    </Filter>
    <Filter Include="Header Files">
      <UniqueIdentifier>{93995380-89BD-4b04-88EB-625FBE52EBFB}</UniqueIdentifier>
      <Extensions>h;hpp;hxx;hm;inl;inc;xsd</Extensions>
    </Filter>
    <Filter Include="Header Files\libavformat">
      <UniqueIdentifier>{6be2692c-8c1e-4a8f-8c67-7cde4cc9b7ae}</UniqueIdentifier>
    </Filter>
    <Filter Include="Header Files\libavcodec">
      <UniqueIdentifier>{784d1024-e63b-4044-b67e-aeada2c40a30}</UniqueIdentifier>
    </Filter>
    <Filter Include="Header Files\libavutil">
      <UniqueIdentifier>{bc6f7d4a-218d-447d-ae49-262fe9a70b4a}</UniqueIdentifier>
    </Filter>
  </ItemGroup>
  <ItemGroup>
    <ClInclude Include="config.h">
      <Filter>Source Files</Filter>
    </ClInclude>
    <ClInclude Include="libavcodec\x86\cabac.h">
      <Filter>Source Files\libavcodec\x86</Filter>
    </ClInclude>
    <ClInclude Include="libavcodec\x86\constants.h">
      <Filter>Source Files\libavcodec\x86</Filter>
    </ClInclude>
    <ClInclude Include="libavcodec\x86\dsputil_x86.h">
      <Filter>Source Files\libavcodec\x86</Filter>
    </ClInclude>
    <ClInclude Include="libavcodec\x86\hevcdsp.h">
      <Filter>Source Files\libavcodec\x86</Filter>
    </ClInclude>
    <ClInclude Include="libavcodec\x86\hevcpred.h">
      <Filter>Source Files\libavcodec\x86</Filter>
    </ClInclude>
    <ClInclude Include="libavcodec\x86\mathops.h">
      <Filter>Source Files\libavcodec\x86</Filter>
    </ClInclude>
    <ClInclude Include="libavutil\x86\asm.h">
      <Filter>Source Files\libavutil\x86</Filter>
    </ClInclude>
    <ClInclude Include="libavutil\x86\bswap.h">
      <Filter>Source Files\libavutil\x86</Filter>
    </ClInclude>
    <ClInclude Include="libavutil\x86\cpu.h">
      <Filter>Source Files\libavutil\x86</Filter>
    </ClInclude>
    <ClInclude Include="libavutil\x86\intreadwrite.h">
      <Filter>Source Files\libavutil\x86</Filter>
    </ClInclude>
    <ClInclude Include="getopt.h">
      <Filter>Header Files</Filter>
    </ClInclude>
    <ClInclude Include="inttypes.h">
      <Filter>Header Files</Filter>
    </ClInclude>
    <ClInclude Include="openHevcWrapper.h">
      <Filter>Header Files</Filter>
    </ClInclude>
    <ClInclude Include="stdint.h">
      <Filter>Header Files</Filter>
    </ClInclude>
    <ClInclude Include="libavformat\avformat.h">
      <Filter>Header Files\libavformat</Filter>
    </ClInclude>
    <ClInclude Include="libavformat\avio.h">
      <Filter>Header Files\libavformat</Filter>
    </ClInclude>
    <ClInclude Include="libavformat\avio_internal.h">
      <Filter>Header Files\libavformat</Filter>
    </ClInclude>
    <ClInclude Include="libavformat\http.h">
      <Filter>Header Files\libavformat</Filter>
    </ClInclude>
    <ClInclude Include="libavformat\httpauth.h">
      <Filter>Header Files\libavformat</Filter>
    </ClInclude>
    <ClInclude Include="libavformat\id3v1.h">
      <Filter>Header Files\libavformat</Filter>
    </ClInclude>
    <ClInclude Include="libavformat\id3v2.h">
      <Filter>Header Files\libavformat</Filter>
    </ClInclude>
    <ClInclude Include="libavformat\internal.h">
      <Filter>Header Files\libavformat</Filter>
    </ClInclude>
    <ClInclude Include="libavformat\metadata.h">
      <Filter>Header Files\libavformat</Filter>
    </ClInclude>
    <ClInclude Include="libavformat\options_table.h">
      <Filter>Header Files\libavformat</Filter>
    </ClInclude>
    <ClInclude Include="libavformat\os_support.h">
      <Filter>Header Files\libavformat</Filter>
    </ClInclude>
    <ClInclude Include="libavformat\rawdec.h">
      <Filter>Header Files\libavformat</Filter>
    </ClInclude>
    <ClInclude Include="libavformat\riff.h">
      <Filter>Header Files\libavformat</Filter>
    </ClInclude>
    <ClInclude Include="libavformat\rtmp.h">
      <Filter>Header Files\libavformat</Filter>
    </ClInclude>
    <ClInclude Include="libavformat\url.h">
      <Filter>Header Files\libavformat</Filter>
    </ClInclude>
    <ClInclude Include="libavformat\urldecode.h">
      <Filter>Header Files\libavformat</Filter>
    </ClInclude>
    <ClInclude Include="libavformat\version.h">
      <Filter>Header Files\libavformat</Filter>
    </ClInclude>
    <ClInclude Include="libavcodec\avcodec.h">
      <Filter>Header Files\libavcodec</Filter>
    </ClInclude>
    <ClInclude Include="libavcodec\bytestream.h">
      <Filter>Header Files\libavcodec</Filter>
    </ClInclude>
    <ClInclude Include="libavcodec\cabac.h">
      <Filter>Header Files\libavcodec</Filter>
    </ClInclude>
    <ClInclude Include="libavcodec\cabac_functions.h">
      <Filter>Header Files\libavcodec</Filter>
    </ClInclude>
    <ClInclude Include="libavcodec\dsputil.h">
      <Filter>Header Files\libavcodec</Filter>
    </ClInclude>
    <ClInclude Include="libavcodec\get_bits.h">
      <Filter>Header Files\libavcodec</Filter>
    </ClInclude>
    <ClInclude Include="libavcodec\golomb.h">
      <Filter>Header Files\libavcodec</Filter>
    </ClInclude>
    <ClInclude Include="libavcodec\hevc.h">
      <Filter>Header Files\libavcodec</Filter>
    </ClInclude>
    <ClInclude Include="libavcodec\hevcdata.h">
      <Filter>Header Files\libavcodec</Filter>
    </ClInclude>
    <ClInclude Include="libavcodec\hevcdsp.h">
      <Filter>Header Files\libavcodec</Filter>
    </ClInclude>
    <ClInclude Include="libavcodec\hevcpred.h">
      <Filter>Header Files\libavcodec</Filter>
    </ClInclude>
    <ClInclude Include="libavcodec\imgconvert.h">
      <Filter>Header Files\libavcodec</Filter>
    </ClInclude>
    <ClInclude Include="libavcodec\internal.h">
      <Filter>Header Files\libavcodec</Filter>
    </ClInclude>
    <ClInclude Include="libavcodec\mathops.h">
      <Filter>Header Files\libavcodec</Filter>
    </ClInclude>
    <ClInclude Include="libavcodec\mpegvideo.h">
      <Filter>Header Files\libavcodec</Filter>
    </ClInclude>
    <ClInclude Include="libavcodec\old_pix_fmts.h">
      <Filter>Header Files\libavcodec</Filter>
    </ClInclude>
    <ClInclude Include="libavcodec\options_table.h">
      <Filter>Header Files\libavcodec</Filter>
    </ClInclude>
    <ClInclude Include="libavcodec\parser.h">
      <Filter>Header Files\libavcodec</Filter>
    </ClInclude>
    <ClInclude Include="libavcodec\put_bits.h">
      <Filter>Header Files\libavcodec</Filter>
    </ClInclude>
    <ClInclude Include="libavcodec\ratecontrol.h">
      <Filter>Header Files\libavcodec</Filter>
    </ClInclude>
    <ClInclude Include="libavcodec\rl.h">
      <Filter>Header Files\libavcodec</Filter>
    </ClInclude>
    <ClInclude Include="libavcodec\rnd_avg.h">
      <Filter>Header Files\libavcodec</Filter>
    </ClInclude>
    <ClInclude Include="libavcodec\simple_idct.h">
      <Filter>Header Files\libavcodec</Filter>
    </ClInclude>
    <ClInclude Include="libavcodec\thread.h">
      <Filter>Header Files\libavcodec</Filter>
    </ClInclude>
    <ClInclude Include="libavcodec\version.h">
      <Filter>Header Files\libavcodec</Filter>
    </ClInclude>
    <ClInclude Include="libavcodec\videodsp.h">
      <Filter>Header Files\libavcodec</Filter>
    </ClInclude>
    <ClInclude Include="libavcodec\w32pthreads.h">
      <Filter>Header Files\libavcodec</Filter>
    </ClInclude>
    <ClInclude Include="libavutil\atomic.h">
      <Filter>Header Files\libavutil</Filter>
    </ClInclude>
    <ClInclude Include="libavutil\atomic_gcc.h">
      <Filter>Header Files\libavutil</Filter>
    </ClInclude>
    <ClInclude Include="libavutil\atomic_win32.h">
      <Filter>Header Files\libavutil</Filter>
    </ClInclude>
    <ClInclude Include="libavutil\attributes.h">
      <Filter>Header Files\libavutil</Filter>
    </ClInclude>
    <ClInclude Include="libavutil\audioconvert.h">
      <Filter>Header Files\libavutil</Filter>
    </ClInclude>
    <ClInclude Include="libavutil\avassert.h">
      <Filter>Header Files\libavutil</Filter>
    </ClInclude>
    <ClInclude Include="libavutil\avconfig.h">
      <Filter>Header Files\libavutil</Filter>
    </ClInclude>
    <ClInclude Include="libavutil\avstring.h">
      <Filter>Header Files\libavutil</Filter>
    </ClInclude>
    <ClInclude Include="libavutil\avutil.h">
      <Filter>Header Files\libavutil</Filter>
    </ClInclude>
    <ClInclude Include="libavutil\base64.h">
      <Filter>Header Files\libavutil</Filter>
    </ClInclude>
    <ClInclude Include="libavutil\bswap.h">
      <Filter>Header Files\libavutil</Filter>
    </ClInclude>
    <ClInclude Include="libavutil\buffer.h">
      <Filter>Header Files\libavutil</Filter>
    </ClInclude>
    <ClInclude Include="libavutil\buffer_internal.h">
      <Filter>Header Files\libavutil</Filter>
    </ClInclude>
    <ClInclude Include="libavutil\channel_layout.h">
      <Filter>Header Files\libavutil</Filter>
    </ClInclude>
    <ClInclude Include="libavutil\colorspace.h">
      <Filter>Header Files\libavutil</Filter>
    </ClInclude>
    <ClInclude Include="libavutil\common.h">
      <Filter>Header Files\libavutil</Filter>
    </ClInclude>
    <ClInclude Include="libavutil\cpu.h">
      <Filter>Header Files\libavutil</Filter>
    </ClInclude>
    <ClInclude Include="libavutil\crc.h">
      <Filter>Header Files\libavutil</Filter>
    </ClInclude>
    <ClInclude Include="libavutil\dict.h">
      <Filter>Header Files\libavutil</Filter>
    </ClInclude>
    <ClInclude Include="libavutil\error.h">
      <Filter>Header Files\libavutil</Filter>
    </ClInclude>
    <ClInclude Include="libavutil\eval.h">
      <Filter>Header Files\libavutil</Filter>
    </ClInclude>
    <ClInclude Include="libavutil\fifo.h">
      <Filter>Header Files\libavutil</Filter>
    </ClInclude>
    <ClInclude Include="libavutil\frame.h">
      <Filter>Header Files\libavutil</Filter>
    </ClInclude>
    <ClInclude Include="libavutil\imgutils.h">
      <Filter>Header Files\libavutil</Filter>
    </ClInclude>
    <ClInclude Include="libavutil\internal.h">
      <Filter>Header Files\libavutil</Filter>
    </ClInclude>
    <ClInclude Include="libavutil\intfloat.h">
      <Filter>Header Files\libavutil</Filter>
    </ClInclude>
    <ClInclude Include="libavutil\intmath.h">
      <Filter>Header Files\libavutil</Filter>
    </ClInclude>
    <ClInclude Include="libavutil\intreadwrite.h">
      <Filter>Header Files\libavutil</Filter>
    </ClInclude>
    <ClInclude Include="libavutil\lfg.h">
      <Filter>Header Files\libavutil</Filter>
    </ClInclude>
    <ClInclude Include="libavutil\libm.h">
      <Filter>Header Files\libavutil</Filter>
    </ClInclude>
    <ClInclude Include="libavutil\log.h">
      <Filter>Header Files\libavutil</Filter>
    </ClInclude>
    <ClInclude Include="libavutil\mathematics.h">
      <Filter>Header Files\libavutil</Filter>
    </ClInclude>
    <ClInclude Include="libavutil\md5.h">
      <Filter>Header Files\libavutil</Filter>
    </ClInclude>
    <ClInclude Include="libavutil\mem.h">
      <Filter>Header Files\libavutil</Filter>
    </ClInclude>
    <ClInclude Include="libavutil\old_pix_fmts.h">
      <Filter>Header Files\libavutil</Filter>
    </ClInclude>
    <ClInclude Include="libavutil\opt.h">
      <Filter>Header Files\libavutil</Filter>
    </ClInclude>
    <ClInclude Include="libavutil\parseutils.h">
      <Filter>Header Files\libavutil</Filter>
    </ClInclude>
    <ClInclude Include="libavutil\pixdesc.h">
      <Filter>Header Files\libavutil</Filter>
    </ClInclude>
    <ClInclude Include="libavutil\pixfmt.h">
      <Filter>Header Files\libavutil</Filter>
    </ClInclude>
    <ClInclude Include="libavutil\random_seed.h">
      <Filter>Header Files\libavutil</Filter>
    </ClInclude>
    <ClInclude Include="libavutil\rational.h">
      <Filter>Header Files\libavutil</Filter>
    </ClInclude>
    <ClInclude Include="libavutil\samplefmt.h">
      <Filter>Header Files\libavutil</Filter>
    </ClInclude>
    <ClInclude Include="libavutil\time.h">
      <Filter>Header Files\libavutil</Filter>
    </ClInclude>
    <ClInclude Include="libavutil\timer.h">
      <Filter>Header Files\libavutil</Filter>
    </ClInclude>
    <ClInclude Include="libavutil\version.h">
      <Filter>Header Files\libavutil</Filter>
    </ClInclude>
  </ItemGroup>
  <ItemGroup>
    <ClCompile Include="libavformat\file.c">
      <Filter>Source Files</Filter>
    </ClCompile>
    <ClCompile Include="getopt.c">
      <Filter>Source Files</Filter>
    </ClCompile>
    <ClCompile Include="main.c">
      <Filter>Source Files</Filter>
    </ClCompile>
    <ClCompile Include="openHevcWrapper.c">
      <Filter>Source Files</Filter>
    </ClCompile>
    <ClCompile Include="libavformat\allformats.c">
      <Filter>Source Files\libavformat</Filter>
    </ClCompile>
    <ClCompile Include="libavformat\avformat_options.c">
      <Filter>Source Files\libavformat</Filter>
    </ClCompile>
    <ClCompile Include="libavformat\avformat_utils.c">
      <Filter>Source Files\libavformat</Filter>
    </ClCompile>
    <ClCompile Include="libavformat\avio.c">
      <Filter>Source Files\libavformat</Filter>
    </ClCompile>
    <ClCompile Include="libavformat\aviobuf.c">
      <Filter>Source Files\libavformat</Filter>
    </ClCompile>
    <ClCompile Include="libavformat\concat.c">
      <Filter>Source Files\libavformat</Filter>
    </ClCompile>
    <ClCompile Include="libavformat\cutils.c">
      <Filter>Source Files\libavformat</Filter>
    </ClCompile>
    <ClCompile Include="libavformat\format.c">
      <Filter>Source Files\libavformat</Filter>
    </ClCompile>
    <ClCompile Include="libavformat\gopher.c">
      <Filter>Source Files\libavformat</Filter>
    </ClCompile>
    <ClCompile Include="libavformat\hevcdec.c">
      <Filter>Source Files\libavformat</Filter>
    </ClCompile>
    <ClCompile Include="libavformat\metadata.c">
      <Filter>Source Files\libavformat</Filter>
    </ClCompile>
    <ClCompile Include="libavformat\os_support.c">
      <Filter>Source Files\libavformat</Filter>
    </ClCompile>
    <ClCompile Include="libavformat\rawdec.c">
      <Filter>Source Files\libavformat</Filter>
    </ClCompile>
    <ClCompile Include="libavformat\url.c">
      <Filter>Source Files\libavformat</Filter>
    </ClCompile>
    <ClCompile Include="libavformat\urldecode.c">
      <Filter>Source Files\libavformat</Filter>
    </ClCompile>
    <ClCompile Include="libavcodec\allcodecs.c">
      <Filter>Source Files\libavcodec</Filter>
    </ClCompile>
    <ClCompile Include="libavcodec\avcodec_options.c">
      <Filter>Source Files\libavcodec</Filter>
    </ClCompile>
    <ClCompile Include="libavcodec\avcodec_utils.c">
      <Filter>Source Files\libavcodec</Filter>
    </ClCompile>
    <ClCompile Include="libavcodec\avpacket.c">
      <Filter>Source Files\libavcodec</Filter>
    </ClCompile>
    <ClCompile Include="libavcodec\avpicture.c">
      <Filter>Source Files\libavcodec</Filter>
    </ClCompile>
    <ClCompile Include="libavcodec\bit_depth_template.c">
      <Filter>Source Files\libavcodec</Filter>
    </ClCompile>
    <ClCompile Include="libavcodec\cabac.c">
      <Filter>Source Files\libavcodec</Filter>
    </ClCompile>
    <ClCompile Include="libavcodec\dsputil.c">
      <Filter>Source Files\libavcodec</Filter>
    </ClCompile>
    <ClCompile Include="libavcodec\golomb.c">
      <Filter>Source Files\libavcodec</Filter>
    </ClCompile>
    <ClCompile Include="libavcodec\hevc.c">
      <Filter>Source Files\libavcodec</Filter>
    </ClCompile>
    <ClCompile Include="libavcodec\hevc_cabac.c">
      <Filter>Source Files\libavcodec</Filter>
    </ClCompile>
    <ClCompile Include="libavcodec\hevc_filter.c">
      <Filter>Source Files\libavcodec</Filter>
    </ClCompile>
    <ClCompile Include="libavcodec\hevc_mvs.c">
      <Filter>Source Files\libavcodec</Filter>
    </ClCompile>
    <ClCompile Include="libavcodec\hevc_parser.c">
      <Filter>Source Files\libavcodec</Filter>
    </ClCompile>
    <ClCompile Include="libavcodec\hevc_ps.c">
      <Filter>Source Files\libavcodec</Filter>
    </ClCompile>
    <ClCompile Include="libavcodec\hevc_refs.c">
      <Filter>Source Files\libavcodec</Filter>
    </ClCompile>
    <ClCompile Include="libavcodec\hevc_sei.c">
      <Filter>Source Files\libavcodec</Filter>
    </ClCompile>
    <ClCompile Include="libavcodec\hevcdsp.c">
      <Filter>Source Files\libavcodec</Filter>
    </ClCompile>
    <ClCompile Include="libavcodec\hevcpred.c">
      <Filter>Source Files\libavcodec</Filter>
    </ClCompile>
    <ClCompile Include="libavcodec\hevcpred_template.c">
      <Filter>Source Files\libavcodec</Filter>
    </ClCompile>
    <ClCompile Include="libavcodec\imgconvert.c">
      <Filter>Source Files\libavcodec</Filter>
    </ClCompile>
    <ClCompile Include="libavcodec\parser.c">
      <Filter>Source Files\libavcodec</Filter>
    </ClCompile>
    <ClCompile Include="libavcodec\pthread.c">
      <Filter>Source Files\libavcodec</Filter>
    </ClCompile>
    <ClCompile Include="libavcodec\simple_idct.c">
      <Filter>Source Files\libavcodec</Filter>
    </ClCompile>
    <ClCompile Include="libavcodec\videodsp.c">
      <Filter>Source Files\libavcodec</Filter>
    </ClCompile>
    <ClCompile Include="libavcodec\videodsp_template.c">
      <Filter>Source Files\libavcodec</Filter>
    </ClCompile>
    <ClCompile Include="libavcodec\x86\hevc_dequant_sse4.c">
      <Filter>Source Files\libavcodec\x86</Filter>
    </ClCompile>
    <ClCompile Include="libavcodec\x86\hevc_idct_sse4.c">
      <Filter>Source Files\libavcodec\x86</Filter>
    </ClCompile>
    <ClCompile Include="libavcodec\x86\hevc_intra_pred_sse.c">
      <Filter>Source Files\libavcodec\x86</Filter>
    </ClCompile>
    <ClCompile Include="libavcodec\x86\hevc_mc_sse.c">
      <Filter>Source Files\libavcodec\x86</Filter>
    </ClCompile>
    <ClCompile Include="libavcodec\x86\hevc_sao_sse.c">
      <Filter>Source Files\libavcodec\x86</Filter>
    </ClCompile>
    <ClCompile Include="libavcodec\x86\hevcdsp_init.c">
      <Filter>Source Files\libavcodec\x86</Filter>
    </ClCompile>
    <ClCompile Include="libavcodec\x86\hevcpred_init.c">
      <Filter>Source Files\libavcodec\x86</Filter>
    </ClCompile>
    <ClCompile Include="libavutil\atomic.c">
      <Filter>Source Files\libavutil</Filter>
    </ClCompile>
    <ClCompile Include="libavutil\audioconvert.c">
      <Filter>Source Files\libavutil</Filter>
    </ClCompile>
    <ClCompile Include="libavutil\avstring.c">
      <Filter>Source Files\libavutil</Filter>
    </ClCompile>
    <ClCompile Include="libavutil\base64.c">
      <Filter>Source Files\libavutil</Filter>
    </ClCompile>
    <ClCompile Include="libavutil\buffer.c">
      <Filter>Source Files\libavutil</Filter>
    </ClCompile>
    <ClCompile Include="libavutil\cpu.c">
      <Filter>Source Files\libavutil</Filter>
    </ClCompile>
    <ClCompile Include="libavutil\crc.c">
      <Filter>Source Files\libavutil</Filter>
    </ClCompile>
    <ClCompile Include="libavutil\dict.c">
      <Filter>Source Files\libavutil</Filter>
    </ClCompile>
    <ClCompile Include="libavutil\eval.c">
      <Filter>Source Files\libavutil</Filter>
    </ClCompile>
    <ClCompile Include="libavutil\frame.c">
      <Filter>Source Files\libavutil</Filter>
    </ClCompile>
    <ClCompile Include="libavutil\imgutils.c">
      <Filter>Source Files\libavutil</Filter>
    </ClCompile>
    <ClCompile Include="libavutil\log.c">
      <Filter>Source Files\libavutil</Filter>
    </ClCompile>
    <ClCompile Include="libavutil\mathematics.c">
      <Filter>Source Files\libavutil</Filter>
    </ClCompile>
    <ClCompile Include="libavutil\md5.c">
      <Filter>Source Files\libavutil</Filter>
    </ClCompile>
    <ClCompile Include="libavutil\mem.c">
      <Filter>Source Files\libavutil</Filter>
    </ClCompile>
    <ClCompile Include="libavutil\opt.c">
      <Filter>Source Files\libavutil</Filter>
    </ClCompile>
    <ClCompile Include="libavutil\parseutils.c">
      <Filter>Source Files\libavutil</Filter>
    </ClCompile>
    <ClCompile Include="libavutil\pixdesc.c">
      <Filter>Source Files\libavutil</Filter>
    </ClCompile>
    <ClCompile Include="libavutil\rational.c">
      <Filter>Source Files\libavutil</Filter>
    </ClCompile>
    <ClCompile Include="libavutil\samplefmt.c">
      <Filter>Source Files\libavutil</Filter>
    </ClCompile>
    <ClCompile Include="libavutil\time.c">
      <Filter>Source Files\libavutil</Filter>
    </ClCompile>
    <ClCompile Include="libavutil\x86\cpu.c">
      <Filter>Source Files\libavutil\x86</Filter>
    </ClCompile>
  </ItemGroup>
</Project>